
Microsoft Visual Studio Solution File, Format Version 12.00
# Visual Studio Version 17
VisualStudioVersion = 17.5.33516.290
MinimumVisualStudioVersion = 10.0.40219.1
Project("{2150E333-8FDC-42A3-9474-1A3956D46DE8}") = "src", "src", "{3B20CCC1-1F34-4257-B5EB-79770747F0C2}"
EndProject
Project("{2150E333-8FDC-42A3-9474-1A3956D46DE8}") = "web", "web", "{CC16B081-B6D1-4330-B8FB-28EBA3C3637E}"
EndProject
Project("{2150E333-8FDC-42A3-9474-1A3956D46DE8}") = "services", "services", "{1C525170-1793-4650-BE8A-CC40E05DE46F}"
EndProject
Project("{9A19103F-16F7-4668-BE54-9A1E7A4F7556}") = "ProductCatalog", "ProductCatalog\ProductCatalog.csproj", "{943852BB-C6F7-4915-80B5-CD8208B64132}"
EndProject
Project("{E53339B2-1760-4266-BCC7-CA923CBCF16C}") = "docker-compose", "docker-compose.dcproj", "{6872E4FD-801D-47DD-91F3-C70684DD8BD4}"
EndProject
Project("{9A19103F-16F7-4668-BE54-9A1E7A4F7556}") = "JewelWebClient", "JewelWebClient\JewelWebClient.csproj", "{77F91E1F-C27C-4AB9-9E8F-398A427E5203}"
EndProject
Project("{9A19103F-16F7-4668-BE54-9A1E7A4F7556}") = "TokenServiceAPI", "TokenServiceAPI\TokenServiceAPI.csproj", "{4EA298B3-A55B-479B-A63B-ADA574781B3B}"
EndProject
Global
	GlobalSection(SolutionConfigurationPlatforms) = preSolution
		Debug|Any CPU = Debug|Any CPU
		Release|Any CPU = Release|Any CPU
	EndGlobalSection
	GlobalSection(ProjectConfigurationPlatforms) = postSolution
		{943852BB-C6F7-4915-80B5-CD8208B64132}.Debug|Any CPU.ActiveCfg = Debug|Any CPU
		{943852BB-C6F7-4915-80B5-CD8208B64132}.Debug|Any CPU.Build.0 = Debug|Any CPU
		{943852BB-C6F7-4915-80B5-CD8208B64132}.Release|Any CPU.ActiveCfg = Release|Any CPU
		{943852BB-C6F7-4915-80B5-CD8208B64132}.Release|Any CPU.Build.0 = Release|Any CPU
		{6872E4FD-801D-47DD-91F3-C70684DD8BD4}.Debug|Any CPU.ActiveCfg = Debug|Any CPU
		{6872E4FD-801D-47DD-91F3-C70684DD8BD4}.Debug|Any CPU.Build.0 = Debug|Any CPU
		{6872E4FD-801D-47DD-91F3-C70684DD8BD4}.Release|Any CPU.ActiveCfg = Release|Any CPU
		{6872E4FD-801D-47DD-91F3-C70684DD8BD4}.Release|Any CPU.Build.0 = Release|Any CPU
		{77F91E1F-C27C-4AB9-9E8F-398A427E5203}.Debug|Any CPU.ActiveCfg = Debug|Any CPU
		{77F91E1F-C27C-4AB9-9E8F-398A427E5203}.Debug|Any CPU.Build.0 = Debug|Any CPU
		{77F91E1F-C27C-4AB9-9E8F-398A427E5203}.Release|Any CPU.ActiveCfg = Release|Any CPU
		{77F91E1F-C27C-4AB9-9E8F-398A427E5203}.Release|Any CPU.Build.0 = Release|Any CPU
		{4EA298B3-A55B-479B-A63B-ADA574781B3B}.Debug|Any CPU.ActiveCfg = Debug|Any CPU
		{4EA298B3-A55B-479B-A63B-ADA574781B3B}.Debug|Any CPU.Build.0 = Debug|Any CPU
		{4EA298B3-A55B-479B-A63B-ADA574781B3B}.Release|Any CPU.ActiveCfg = Release|Any CPU
		{4EA298B3-A55B-479B-A63B-ADA574781B3B}.Release|Any CPU.Build.0 = Release|Any CPU
	EndGlobalSection
	GlobalSection(SolutionProperties) = preSolution
		HideSolutionNode = FALSE
	EndGlobalSection
	GlobalSection(NestedProjects) = preSolution
		{CC16B081-B6D1-4330-B8FB-28EBA3C3637E} = {3B20CCC1-1F34-4257-B5EB-79770747F0C2}
		{1C525170-1793-4650-BE8A-CC40E05DE46F} = {3B20CCC1-1F34-4257-B5EB-79770747F0C2}
		{943852BB-C6F7-4915-80B5-CD8208B64132} = {1C525170-1793-4650-BE8A-CC40E05DE46F}
		{77F91E1F-C27C-4AB9-9E8F-398A427E5203} = {CC16B081-B6D1-4330-B8FB-28EBA3C3637E}
		{4EA298B3-A55B-479B-A63B-ADA574781B3B} = {1C525170-1793-4650-BE8A-CC40E05DE46F}
	EndGlobalSection
	GlobalSection(ExtensibilityGlobals) = postSolution
		SolutionGuid = {5DEF0EDF-B1D4-472A-BBB1-7BEC4875B80B}
	EndGlobalSection
EndGlobal
